// !$*UTF8*$!
{
	archiveVersion = 1;
	classes = {
	};
	objectVersion = 46;
	objects = {

/* Begin PBXBuildFile section */
		DB1BF9021B0D9000001DA2FC /* libBaiduMobStat.a in Frameworks */ = {isa = PBXBuildFile; fileRef = DB1BF8FE1B0D9000001DA2FC /* libBaiduMobStat.a */; };
		DB1BF9031B0D9000001DA2FC /* UIView+Toast.m in Sources */ = {isa = PBXBuildFile; fileRef = DB1BF9011B0D9000001DA2FC /* UIView+Toast.m */; };
		DB2E1F081ADF542A0049876D /* ArticleView.swift in Sources */ = {isa = PBXBuildFile; fileRef = DB2E1F071ADF542A0049876D /* ArticleView.swift */; };
		DB2EB8EB1AC0FF7B0099934F /* ArticleViewController.swift in Sources */ = {isa = PBXBuildFile; fileRef = DB2EB8EA1AC0FF7B0099934F /* ArticleViewController.swift */; };
		DB2EB8EF1AC107CD0099934F /* UIKit.framework in Frameworks */ = {isa = PBXBuildFile; fileRef = DB2EB8EE1AC107CD0099934F /* UIKit.framework */; };
		DB2EB8F11AC107D80099934F /* Foundation.framework in Frameworks */ = {isa = PBXBuildFile; fileRef = DB2EB8F01AC107D80099934F /* Foundation.framework */; };
		DB2EB8F31AC107E40099934F /* CoreGraphics.framework in Frameworks */ = {isa = PBXBuildFile; fileRef = DB2EB8F21AC107E40099934F /* CoreGraphics.framework */; };
		DB2EB8F51AC107ED0099934F /* QuartzCore.framework in Frameworks */ = {isa = PBXBuildFile; fileRef = DB2EB8F41AC107ED0099934F /* QuartzCore.framework */; };
		DB2EB8F71AC107F90099934F /* OpenGLES.framework in Frameworks */ = {isa = PBXBuildFile; fileRef = DB2EB8F61AC107F90099934F /* OpenGLES.framework */; };
		DB2EB8F91AC108030099934F /* CoreLocation.framework in Frameworks */ = {isa = PBXBuildFile; fileRef = DB2EB8F81AC108030099934F /* CoreLocation.framework */; };
		DB2EB8FB1AC108400099934F /* CoreTelephony.framework in Frameworks */ = {isa = PBXBuildFile; fileRef = DB2EB8FA1AC108400099934F /* CoreTelephony.framework */; };
		DB2EB8FD1AC108650099934F /* SystemConfiguration.framework in Frameworks */ = {isa = PBXBuildFile; fileRef = DB2EB8FC1AC108650099934F /* SystemConfiguration.framework */; };
		DB2EB8FF1AC108720099934F /* libz.dylib in Frameworks */ = {isa = PBXBuildFile; fileRef = DB2EB8FE1AC108720099934F /* libz.dylib */; };
		DB2EB9031AC108940099934F /* libstdc++.6.0.9.dylib in Frameworks */ = {isa = PBXBuildFile; fileRef = DB2EB9021AC108940099934F /* libstdc++.6.0.9.dylib */; };
		DB2EB9051AC108A10099934F /* Security.framework in Frameworks */ = {isa = PBXBuildFile; fileRef = DB2EB9041AC108A10099934F /* Security.framework */; };
		DB5BA5391B281B2600492A49 /* VideoBubbleView.swift in Sources */ = {isa = PBXBuildFile; fileRef = DB5BA5381B281B2600492A49 /* VideoBubbleView.swift */; };
		DBB559581B21E5F00069089E /* Haneke.framework in Frameworks */ = {isa = PBXBuildFile; fileRef = DBB559531B21E5CA0069089E /* Haneke.framework */; };
		DBB559591B21E5F00069089E /* Haneke.framework in Embed Frameworks */ = {isa = PBXBuildFile; fileRef = DBB559531B21E5CA0069089E /* Haneke.framework */; settings = {ATTRIBUTES = (CodeSignOnCopy, RemoveHeadersOnCopy, ); }; };
		DBB5595C1B21E5F60069089E /* Alamofire.framework in Frameworks */ = {isa = PBXBuildFile; fileRef = DBB559451B21E5C10069089E /* Alamofire.framework */; };
		DBB5595D1B21E5F60069089E /* Alamofire.framework in Embed Frameworks */ = {isa = PBXBuildFile; fileRef = DBB559451B21E5C10069089E /* Alamofire.framework */; settings = {ATTRIBUTES = (CodeSignOnCopy, RemoveHeadersOnCopy, ); }; };
		DBB559611B21E8810069089E /* VideoMapViewController.swift in Sources */ = {isa = PBXBuildFile; fileRef = DBB559601B21E8810069089E /* VideoMapViewController.swift */; };
		DBB559661B21E96D0069089E /* AudioStreamer.m in Sources */ = {isa = PBXBuildFile; fileRef = DBB559651B21E96D0069089E /* AudioStreamer.m */; settings = {COMPILER_FLAGS = "-fno-objc-arc"; }; };
		DBB559681B21E9C60069089E /* ArticleModel.swift in Sources */ = {isa = PBXBuildFile; fileRef = DBB559671B21E9C60069089E /* ArticleModel.swift */; };
		DBB5596A1B21EB640069089E /* MusicModel.swift in Sources */ = {isa = PBXBuildFile; fileRef = DBB559691B21EB640069089E /* MusicModel.swift */; };
		DBB5596C1B21EB880069089E /* VideoModel.swift in Sources */ = {isa = PBXBuildFile; fileRef = DBB5596B1B21EB880069089E /* VideoModel.swift */; };
		DBB559711B21F1810069089E /* RAMAnimatedTabBarItem.swift in Sources */ = {isa = PBXBuildFile; fileRef = DBB5596E1B21F1810069089E /* RAMAnimatedTabBarItem.swift */; };
		DBB559721B21F1810069089E /* RAMBounceAnimation.swift in Sources */ = {isa = PBXBuildFile; fileRef = DBB5596F1B21F1810069089E /* RAMBounceAnimation.swift */; };
		DBB559731B21F1810069089E /* RAMItemAnimationProtocol.swift in Sources */ = {isa = PBXBuildFile; fileRef = DBB559701B21F1810069089E /* RAMItemAnimationProtocol.swift */; };
		DBB559751B21F3060069089E /* HomeTabBarController.swift in Sources */ = {isa = PBXBuildFile; fileRef = DBB559741B21F3060069089E /* HomeTabBarController.swift */; };
		DBB559771B229F970069089E /* SettingTableViewController.swift in Sources */ = {isa = PBXBuildFile; fileRef = DBB559761B229F970069089E /* SettingTableViewController.swift */; };
		DBB559791B22A8600069089E /* MusicCellView.swift in Sources */ = {isa = PBXBuildFile; fileRef = DBB559781B22A8600069089E /* MusicCellView.swift */; };
		DBB5597B1B22E0380069089E /* MusicTableViewCell.swift in Sources */ = {isa = PBXBuildFile; fileRef = DBB5597A1B22E0380069089E /* MusicTableViewCell.swift */; };
		DBB559831B23F6630069089E /* BaiduMapAPI.framework in Frameworks */ = {isa = PBXBuildFile; fileRef = DBB559821B23F6630069089E /* BaiduMapAPI.framework */; };
		DBB559841B23F6750069089E /* MediaPlayer.framework in Frameworks */ = {isa = PBXBuildFile; fileRef = DBB5597F1B2328B90069089E /* MediaPlayer.framework */; };
		DBB559861B23FAAA0069089E /* mapapi.bundle in Resources */ = {isa = PBXBuildFile; fileRef = DBB559851B23FAAA0069089E /* mapapi.bundle */; };
		DBB559891B251EE70069089E /* ServerUrl.swift in Sources */ = {isa = PBXBuildFile; fileRef = DBB559881B251EE70069089E /* ServerUrl.swift */; };
		DBB5598C1B2594890069089E /* MapArticlePanelView.swift in Sources */ = {isa = PBXBuildFile; fileRef = DBB5598B1B2594890069089E /* MapArticlePanelView.swift */; };
		DBBE715C1AAE91A50010681A /* AppDelegate.swift in Sources */ = {isa = PBXBuildFile; fileRef = DBBE715B1AAE91A50010681A /* AppDelegate.swift */; };
		DBBE715E1AAE91A50010681A /* ViewController.swift in Sources */ = {isa = PBXBuildFile; fileRef = DBBE715D1AAE91A50010681A /* ViewController.swift */; };
		DBBE71611AAE91A50010681A /* Main.storyboard in Resources */ = {isa = PBXBuildFile; fileRef = DBBE715F1AAE91A50010681A /* Main.storyboard */; };
		DBBE71631AAE91A50010681A /* Images.xcassets in Resources */ = {isa = PBXBuildFile; fileRef = DBBE71621AAE91A50010681A /* Images.xcassets */; };
		DBBE71661AAE91A50010681A /* LaunchScreen.xib in Resources */ = {isa = PBXBuildFile; fileRef = DBBE71641AAE91A50010681A /* LaunchScreen.xib */; };
		DBBE71721AAE91A50010681A /* dywhTests.swift in Sources */ = {isa = PBXBuildFile; fileRef = DBBE71711AAE91A50010681A /* dywhTests.swift */; };
		DBFA4F7E1B0DC111007D8F9B /* InfoPlist.strings in Resources */ = {isa = PBXBuildFile; fileRef = DBFA4F801B0DC111007D8F9B /* InfoPlist.strings */; };
		DBFA4F8B1B0EB338007D8F9B /* ArticleMapViewController.swift in Sources */ = {isa = PBXBuildFile; fileRef = DBFA4F8A1B0EB338007D8F9B /* ArticleMapViewController.swift */; };
		DBFA4F8D1B0F1530007D8F9B /* VideoViewController.swift in Sources */ = {isa = PBXBuildFile; fileRef = DBFA4F8C1B0F1530007D8F9B /* VideoViewController.swift */; };
		DBFA4F911B0F15C5007D8F9B /* MusicViewController.swift in Sources */ = {isa = PBXBuildFile; fileRef = DBFA4F901B0F15C5007D8F9B /* MusicViewController.swift */; };
		DBFA4F931B0F1609007D8F9B /* MusicMapViewController.swift in Sources */ = {isa = PBXBuildFile; fileRef = DBFA4F921B0F1609007D8F9B /* MusicMapViewController.swift */; };
		DBFA4F951B0F1647007D8F9B /* ArticleDetailViewController.swift in Sources */ = {isa = PBXBuildFile; fileRef = DBFA4F941B0F1647007D8F9B /* ArticleDetailViewController.swift */; };
		DBFA4F971B0F18DE007D8F9B /* VideoCellView.swift in Sources */ = {isa = PBXBuildFile; fileRef = DBFA4F961B0F18DE007D8F9B /* VideoCellView.swift */; };
		DBFA4F991B0F2424007D8F9B /* HXWHViewController.swift in Sources */ = {isa = PBXBuildFile; fileRef = DBFA4F981B0F2423007D8F9B /* HXWHViewController.swift */; };
/* End PBXBuildFile section */

/* Begin PBXContainerItemProxy section */
		DBB559441B21E5C10069089E /* PBXContainerItemProxy */ = {
			isa = PBXContainerItemProxy;
			containerPortal = DBB5593D1B21E5C10069089E /* Alamofire.xcodeproj */;
			proxyType = 2;
			remoteGlobalIDString = F8111E3319A95C8B0040E7D1;
			remoteInfo = "Alamofire iOS";
		};
		DBB559461B21E5C10069089E /* PBXContainerItemProxy */ = {
			isa = PBXContainerItemProxy;
			containerPortal = DBB5593D1B21E5C10069089E /* Alamofire.xcodeproj */;
			proxyType = 2;
			remoteGlobalIDString = 4DD67C0B1A5C55C900ED2280;
			remoteInfo = "Alamofire OSX";
		};
		DBB559481B21E5C10069089E /* PBXContainerItemProxy */ = {
			isa = PBXContainerItemProxy;
			containerPortal = DBB5593D1B21E5C10069089E /* Alamofire.xcodeproj */;
			proxyType = 2;
			remoteGlobalIDString = F8111E3E19A95C8B0040E7D1;
			remoteInfo = "Alamofire iOS Tests";
		};
		DBB5594A1B21E5C10069089E /* PBXContainerItemProxy */ = {
			isa = PBXContainerItemProxy;
			containerPortal = DBB5593D1B21E5C10069089E /* Alamofire.xcodeproj */;
			proxyType = 2;
			remoteGlobalIDString = F829C6B21A7A94F100A2CD59;
			remoteInfo = "Alamofire OSX Tests";
		};
		DBB559521B21E5CA0069089E /* PBXContainerItemProxy */ = {
			isa = PBXContainerItemProxy;
			containerPortal = DBB5594C1B21E5CA0069089E /* Haneke.xcodeproj */;
			proxyType = 2;
			remoteGlobalIDString = A095C9561980418C00CD0F4C;
			remoteInfo = Haneke;
		};
		DBB559541B21E5CA0069089E /* PBXContainerItemProxy */ = {
			isa = PBXContainerItemProxy;
			containerPortal = DBB5594C1B21E5CA0069089E /* Haneke.xcodeproj */;
			proxyType = 2;
			remoteGlobalIDString = A095C9611980418C00CD0F4C;
			remoteInfo = HanekeTests;
		};
		DBB559561B21E5CA0069089E /* PBXContainerItemProxy */ = {
			isa = PBXContainerItemProxy;
			containerPortal = DBB5594C1B21E5CA0069089E /* Haneke.xcodeproj */;
			proxyType = 2;
			remoteGlobalIDString = A0026E9A19C9BFBC004DE0C6;
			remoteInfo = HanekeDemo;
		};
		DBB5595A1B21E5F00069089E /* PBXContainerItemProxy */ = {
			isa = PBXContainerItemProxy;
			containerPortal = DBB5594C1B21E5CA0069089E /* Haneke.xcodeproj */;
			proxyType = 1;
			remoteGlobalIDString = A095C9551980418C00CD0F4C;
			remoteInfo = Haneke;
		};
		DBB5595E1B21E5F60069089E /* PBXContainerItemProxy */ = {
			isa = PBXContainerItemProxy;
			containerPortal = DBB5593D1B21E5C10069089E /* Alamofire.xcodeproj */;
			proxyType = 1;
			remoteGlobalIDString = F8111E3219A95C8B0040E7D1;
			remoteInfo = "Alamofire iOS";
		};
		DBBE716C1AAE91A50010681A /* PBXContainerItemProxy */ = {
			isa = PBXContainerItemProxy;
			containerPortal = DBBE714E1AAE91A40010681A /* Project object */;
			proxyType = 1;
			remoteGlobalIDString = DBBE71551AAE91A40010681A;
			remoteInfo = dywh;
		};
/* End PBXContainerItemProxy section */

/* Begin PBXCopyFilesBuildPhase section */
		DB1BF8FB1B0D8FE5001DA2FC /* Embed Frameworks */ = {
			isa = PBXCopyFilesBuildPhase;
			buildActionMask = 2147483647;
			dstPath = "";
			dstSubfolderSpec = 10;
			files = (
				DBB559591B21E5F00069089E /* Haneke.framework in Embed Frameworks */,
				DBB5595D1B21E5F60069089E /* Alamofire.framework in Embed Frameworks */,
			);
			name = "Embed Frameworks";
			runOnlyForDeploymentPostprocessing = 0;
		};
/* End PBXCopyFilesBuildPhase section */

/* Begin PBXFileReference section */
		DB1BF8FD1B0D9000001DA2FC /* BaiduMobStat.h */ = {isa = PBXFileReference; fileEncoding = 4; lastKnownFileType = sourcecode.c.h; path = BaiduMobStat.h; sourceTree = "<group>"; };
		DB1BF8FE1B0D9000001DA2FC /* libBaiduMobStat.a */ = {isa = PBXFileReference; lastKnownFileType = archive.ar; path = libBaiduMobStat.a; sourceTree = "<group>"; };
		DB1BF9001B0D9000001DA2FC /* UIView+Toast.h */ = {isa = PBXFileReference; fileEncoding = 4; lastKnownFileType = sourcecode.c.h; path = "UIView+Toast.h"; sourceTree = "<group>"; };
		DB1BF9011B0D9000001DA2FC /* UIView+Toast.m */ = {isa = PBXFileReference; fileEncoding = 4; lastKnownFileType = sourcecode.c.objc; path = "UIView+Toast.m"; sourceTree = "<group>"; };
		DB1BF9051B0D9104001DA2FC /* Bridging-Header.h */ = {isa = PBXFileReference; fileEncoding = 4; lastKnownFileType = sourcecode.c.h; path = "Bridging-Header.h"; sourceTree = "<group>"; };
		DB2E1F071ADF542A0049876D /* ArticleView.swift */ = {isa = PBXFileReference; fileEncoding = 4; lastKnownFileType = sourcecode.swift; path = ArticleView.swift; sourceTree = "<group>"; };
		DB2EB8EA1AC0FF7B0099934F /* ArticleViewController.swift */ = {isa = PBXFileReference; fileEncoding = 4; lastKnownFileType = sourcecode.swift; path = ArticleViewController.swift; sourceTree = "<group>"; };
		DB2EB8EE1AC107CD0099934F /* UIKit.framework */ = {isa = PBXFileReference; lastKnownFileType = wrapper.framework; name = UIKit.framework; path = System/Library/Frameworks/UIKit.framework; sourceTree = SDKROOT; };
		DB2EB8F01AC107D80099934F /* Foundation.framework */ = {isa = PBXFileReference; lastKnownFileType = wrapper.framework; name = Foundation.framework; path = System/Library/Frameworks/Foundation.framework; sourceTree = SDKROOT; };
		DB2EB8F21AC107E40099934F /* CoreGraphics.framework */ = {isa = PBXFileReference; lastKnownFileType = wrapper.framework; name = CoreGraphics.framework; path = System/Library/Frameworks/CoreGraphics.framework; sourceTree = SDKROOT; };
		DB2EB8F41AC107ED0099934F /* QuartzCore.framework */ = {isa = PBXFileReference; lastKnownFileType = wrapper.framework; name = QuartzCore.framework; path = System/Library/Frameworks/QuartzCore.framework; sourceTree = SDKROOT; };
		DB2EB8F61AC107F90099934F /* OpenGLES.framework */ = {isa = PBXFileReference; lastKnownFileType = wrapper.framework; name = OpenGLES.framework; path = System/Library/Frameworks/OpenGLES.framework; sourceTree = SDKROOT; };
		DB2EB8F81AC108030099934F /* CoreLocation.framework */ = {isa = PBXFileReference; lastKnownFileType = wrapper.framework; name = CoreLocation.framework; path = System/Library/Frameworks/CoreLocation.framework; sourceTree = SDKROOT; };
		DB2EB8FA1AC108400099934F /* CoreTelephony.framework */ = {isa = PBXFileReference; lastKnownFileType = wrapper.framework; name = CoreTelephony.framework; path = System/Library/Frameworks/CoreTelephony.framework; sourceTree = SDKROOT; };
		DB2EB8FC1AC108650099934F /* SystemConfiguration.framework */ = {isa = PBXFileReference; lastKnownFileType = wrapper.framework; name = SystemConfiguration.framework; path = System/Library/Frameworks/SystemConfiguration.framework; sourceTree = SDKROOT; };
		DB2EB8FE1AC108720099934F /* libz.dylib */ = {isa = PBXFileReference; lastKnownFileType = "compiled.mach-o.dylib"; name = libz.dylib; path = usr/lib/libz.dylib; sourceTree = SDKROOT; };
		DB2EB9001AC1087E0099934F /* libstdc++.dylib */ = {isa = PBXFileReference; lastKnownFileType = "compiled.mach-o.dylib"; name = "libstdc++.dylib"; path = "usr/lib/libstdc++.dylib"; sourceTree = SDKROOT; };
		DB2EB9021AC108940099934F /* libstdc++.6.0.9.dylib */ = {isa = PBXFileReference; lastKnownFileType = "compiled.mach-o.dylib"; name = "libstdc++.6.0.9.dylib"; path = "usr/lib/libstdc++.6.0.9.dylib"; sourceTree = SDKROOT; };
		DB2EB9041AC108A10099934F /* Security.framework */ = {isa = PBXFileReference; lastKnownFileType = wrapper.framework; name = Security.framework; path = System/Library/Frameworks/Security.framework; sourceTree = SDKROOT; };
		DB5BA5381B281B2600492A49 /* VideoBubbleView.swift */ = {isa = PBXFileReference; fileEncoding = 4; lastKnownFileType = sourcecode.swift; path = VideoBubbleView.swift; sourceTree = "<group>"; };
		DBB5593D1B21E5C10069089E /* Alamofire.xcodeproj */ = {isa = PBXFileReference; lastKnownFileType = "wrapper.pb-project"; name = Alamofire.xcodeproj; path = ../../../OpenSource/swift/Alamofire/Alamofire.xcodeproj; sourceTree = "<group>"; };
		DBB5594C1B21E5CA0069089E /* Haneke.xcodeproj */ = {isa = PBXFileReference; lastKnownFileType = "wrapper.pb-project"; name = Haneke.xcodeproj; path = ../../../OpenSource/swift/HanekeSwift/Haneke.xcodeproj; sourceTree = "<group>"; };
		DBB559601B21E8810069089E /* VideoMapViewController.swift */ = {isa = PBXFileReference; fileEncoding = 4; lastKnownFileType = sourcecode.swift; path = VideoMapViewController.swift; sourceTree = "<group>"; };
		DBB559641B21E96D0069089E /* AudioStreamer.h */ = {isa = PBXFileReference; fileEncoding = 4; lastKnownFileType = sourcecode.c.h; path = AudioStreamer.h; sourceTree = "<group>"; };
		DBB559651B21E96D0069089E /* AudioStreamer.m */ = {isa = PBXFileReference; fileEncoding = 4; lastKnownFileType = sourcecode.c.objc; path = AudioStreamer.m; sourceTree = "<group>"; };
		DBB559671B21E9C60069089E /* ArticleModel.swift */ = {isa = PBXFileReference; fileEncoding = 4; lastKnownFileType = sourcecode.swift; path = ArticleModel.swift; sourceTree = "<group>"; };
		DBB559691B21EB640069089E /* MusicModel.swift */ = {isa = PBXFileReference; fileEncoding = 4; lastKnownFileType = sourcecode.swift; path = MusicModel.swift; sourceTree = "<group>"; };
		DBB5596B1B21EB880069089E /* VideoModel.swift */ = {isa = PBXFileReference; fileEncoding = 4; lastKnownFileType = sourcecode.swift; path = VideoModel.swift; sourceTree = "<group>"; };
		DBB5596E1B21F1810069089E /* RAMAnimatedTabBarItem.swift */ = {isa = PBXFileReference; fileEncoding = 4; lastKnownFileType = sourcecode.swift; path = RAMAnimatedTabBarItem.swift; sourceTree = "<group>"; };
		DBB5596F1B21F1810069089E /* RAMBounceAnimation.swift */ = {isa = PBXFileReference; fileEncoding = 4; lastKnownFileType = sourcecode.swift; path = RAMBounceAnimation.swift; sourceTree = "<group>"; };
		DBB559701B21F1810069089E /* RAMItemAnimationProtocol.swift */ = {isa = PBXFileReference; fileEncoding = 4; lastKnownFileType = sourcecode.swift; path = RAMItemAnimationProtocol.swift; sourceTree = "<group>"; };
		DBB559741B21F3060069089E /* HomeTabBarController.swift */ = {isa = PBXFileReference; fileEncoding = 4; lastKnownFileType = sourcecode.swift; path = HomeTabBarController.swift; sourceTree = "<group>"; };
		DBB559761B229F970069089E /* SettingTableViewController.swift */ = {isa = PBXFileReference; fileEncoding = 4; lastKnownFileType = sourcecode.swift; path = SettingTableViewController.swift; sourceTree = "<group>"; };
		DBB559781B22A8600069089E /* MusicCellView.swift */ = {isa = PBXFileReference; fileEncoding = 4; lastKnownFileType = sourcecode.swift; path = MusicCellView.swift; sourceTree = "<group>"; };
		DBB5597A1B22E0380069089E /* MusicTableViewCell.swift */ = {isa = PBXFileReference; fileEncoding = 4; lastKnownFileType = sourcecode.swift; path = MusicTableViewCell.swift; sourceTree = "<group>"; };
		DBB5597F1B2328B90069089E /* MediaPlayer.framework */ = {isa = PBXFileReference; lastKnownFileType = wrapper.framework; name = MediaPlayer.framework; path = System/Library/Frameworks/MediaPlayer.framework; sourceTree = SDKROOT; };
		DBB559821B23F6630069089E /* BaiduMapAPI.framework */ = {isa = PBXFileReference; lastKnownFileType = wrapper.framework; name = BaiduMapAPI.framework; path = dywh/BaiduMapAPI.framework; sourceTree = "<group>"; };
		DBB559851B23FAAA0069089E /* mapapi.bundle */ = {isa = PBXFileReference; lastKnownFileType = "wrapper.plug-in"; name = mapapi.bundle; path = dywh/mapapi.bundle; sourceTree = "<group>"; };
		DBB559881B251EE70069089E /* ServerUrl.swift */ = {isa = PBXFileReference; fileEncoding = 4; lastKnownFileType = sourcecode.swift; path = ServerUrl.swift; sourceTree = "<group>"; };
		DBB5598B1B2594890069089E /* MapArticlePanelView.swift */ = {isa = PBXFileReference; fileEncoding = 4; lastKnownFileType = sourcecode.swift; path = MapArticlePanelView.swift; sourceTree = "<group>"; };
		DBBE71561AAE91A40010681A /* dywh.app */ = {isa = PBXFileReference; explicitFileType = wrapper.application; includeInIndex = 0; path = dywh.app; sourceTree = BUILT_PRODUCTS_DIR; };
		DBBE715A1AAE91A50010681A /* Info.plist */ = {isa = PBXFileReference; lastKnownFileType = text.plist.xml; path = Info.plist; sourceTree = "<group>"; };
		DBBE715B1AAE91A50010681A /* AppDelegate.swift */ = {isa = PBXFileReference; lastKnownFileType = sourcecode.swift; path = AppDelegate.swift; sourceTree = "<group>"; };
		DBBE715D1AAE91A50010681A /* ViewController.swift */ = {isa = PBXFileReference; lastKnownFileType = sourcecode.swift; path = ViewController.swift; sourceTree = "<group>"; };
		DBBE71601AAE91A50010681A /* Base */ = {isa = PBXFileReference; lastKnownFileType = file.storyboard; name = Base; path = Base.lproj/Main.storyboard; sourceTree = "<group>"; };
		DBBE71621AAE91A50010681A /* Images.xcassets */ = {isa = PBXFileReference; lastKnownFileType = folder.assetcatalog; path = Images.xcassets; sourceTree = "<group>"; };
		DBBE71651AAE91A50010681A /* Base */ = {isa = PBXFileReference; lastKnownFileType = file.xib; name = Base; path = Base.lproj/LaunchScreen.xib; sourceTree = "<group>"; };
		DBBE716B1AAE91A50010681A /* dywhTests.xctest */ = {isa = PBXFileReference; explicitFileType = wrapper.cfbundle; includeInIndex = 0; path = dywhTests.xctest; sourceTree = BUILT_PRODUCTS_DIR; };
		DBBE71701AAE91A50010681A /* Info.plist */ = {isa = PBXFileReference; lastKnownFileType = text.plist.xml; path = Info.plist; sourceTree = "<group>"; };
		DBBE71711AAE91A50010681A /* dywhTests.swift */ = {isa = PBXFileReference; lastKnownFileType = sourcecode.swift; path = dywhTests.swift; sourceTree = "<group>"; };
		DBFA4F7D1B0DC103007D8F9B /* zh-Hans */ = {isa = PBXFileReference; lastKnownFileType = text.plist.strings; name = "zh-Hans"; path = "zh-Hans.lproj/LaunchScreen.strings"; sourceTree = "<group>"; };
		DBFA4F7F1B0DC111007D8F9B /* zh-Hans */ = {isa = PBXFileReference; lastKnownFileType = text.plist.strings; name = "zh-Hans"; path = "zh-Hans.lproj/InfoPlist.strings"; sourceTree = "<group>"; };
		DBFA4F811B0DC117007D8F9B /* en */ = {isa = PBXFileReference; lastKnownFileType = text.plist.strings; name = en; path = en.lproj/InfoPlist.strings; sourceTree = "<group>"; };
		DBFA4F8A1B0EB338007D8F9B /* ArticleMapViewController.swift */ = {isa = PBXFileReference; fileEncoding = 4; lastKnownFileType = sourcecode.swift; path = ArticleMapViewController.swift; sourceTree = "<group>"; };
		DBFA4F8C1B0F1530007D8F9B /* VideoViewController.swift */ = {isa = PBXFileReference; fileEncoding = 4; lastKnownFileType = sourcecode.swift; path = VideoViewController.swift; sourceTree = "<group>"; };
		DBFA4F901B0F15C5007D8F9B /* MusicViewController.swift */ = {isa = PBXFileReference; fileEncoding = 4; lastKnownFileType = sourcecode.swift; path = MusicViewController.swift; sourceTree = "<group>"; };
		DBFA4F921B0F1609007D8F9B /* MusicMapViewController.swift */ = {isa = PBXFileReference; fileEncoding = 4; lastKnownFileType = sourcecode.swift; path = MusicMapViewController.swift; sourceTree = "<group>"; };
		DBFA4F941B0F1647007D8F9B /* ArticleDetailViewController.swift */ = {isa = PBXFileReference; fileEncoding = 4; lastKnownFileType = sourcecode.swift; path = ArticleDetailViewController.swift; sourceTree = "<group>"; };
		DBFA4F961B0F18DE007D8F9B /* VideoCellView.swift */ = {isa = PBXFileReference; fileEncoding = 4; lastKnownFileType = sourcecode.swift; path = VideoCellView.swift; sourceTree = "<group>"; };
		DBFA4F981B0F2423007D8F9B /* HXWHViewController.swift */ = {isa = PBXFileReference; fileEncoding = 4; lastKnownFileType = sourcecode.swift; path = HXWHViewController.swift; sourceTree = "<group>"; };
/* End PBXFileReference section */

/* Begin PBXFrameworksBuildPhase section */
		DBBE71531AAE91A40010681A /* Frameworks */ = {
			isa = PBXFrameworksBuildPhase;
			buildActionMask = 2147483647;
			files = (
				DBB559841B23F6750069089E /* MediaPlayer.framework in Frameworks */,
				DBB559581B21E5F00069089E /* Haneke.framework in Frameworks */,
				DB2EB9051AC108A10099934F /* Security.framework in Frameworks */,
				DB2EB9031AC108940099934F /* libstdc++.6.0.9.dylib in Frameworks */,
				DB2EB8FF1AC108720099934F /* libz.dylib in Frameworks */,
				DB2EB8FD1AC108650099934F /* SystemConfiguration.framework in Frameworks */,
				DB2EB8FB1AC108400099934F /* CoreTelephony.framework in Frameworks */,
				DB2EB8F91AC108030099934F /* CoreLocation.framework in Frameworks */,
				DB1BF9021B0D9000001DA2FC /* libBaiduMobStat.a in Frameworks */,
				DB2EB8F71AC107F90099934F /* OpenGLES.framework in Frameworks */,
				DB2EB8F51AC107ED0099934F /* QuartzCore.framework in Frameworks */,
				DB2EB8F31AC107E40099934F /* CoreGraphics.framework in Frameworks */,
				DB2EB8F11AC107D80099934F /* Foundation.framework in Frameworks */,
				DBB5595C1B21E5F60069089E /* Alamofire.framework in Frameworks */,
				DBB559831B23F6630069089E /* BaiduMapAPI.framework in Frameworks */,
				DB2EB8EF1AC107CD0099934F /* UIKit.framework in Frameworks */,
			);
			runOnlyForDeploymentPostprocessing = 0;
		};
		DBBE71681AAE91A50010681A /* Frameworks */ = {
			isa = PBXFrameworksBuildPhase;
			buildActionMask = 2147483647;
			files = (
			);
			runOnlyForDeploymentPostprocessing = 0;
		};
/* End PBXFrameworksBuildPhase section */

/* Begin PBXGroup section */
		DB1BF8FC1B0D9000001DA2FC /* BaiduStatistic */ = {
			isa = PBXGroup;
			children = (
				DB1BF8FD1B0D9000001DA2FC /* BaiduMobStat.h */,
				DB1BF8FE1B0D9000001DA2FC /* libBaiduMobStat.a */,
			);
			path = BaiduStatistic;
			sourceTree = "<group>";
		};
		DB1BF8FF1B0D9000001DA2FC /* Toast */ = {
			isa = PBXGroup;
			children = (
				DB1BF9001B0D9000001DA2FC /* UIView+Toast.h */,
				DB1BF9011B0D9000001DA2FC /* UIView+Toast.m */,
			);
			path = Toast;
			sourceTree = "<group>";
		};
		DB2E1F061ADF53850049876D /* views */ = {
			isa = PBXGroup;
			children = (
				DB2E1F071ADF542A0049876D /* ArticleView.swift */,
				DBFA4F961B0F18DE007D8F9B /* VideoCellView.swift */,
				DBB559781B22A8600069089E /* MusicCellView.swift */,
				DBB5598B1B2594890069089E /* MapArticlePanelView.swift */,
				DB5BA5381B281B2600492A49 /* VideoBubbleView.swift */,
			);
			path = views;
			sourceTree = "<group>";
		};
		DB2E1F091AE09D670049876D /* cells */ = {
			isa = PBXGroup;
			children = (
				DBB5597A1B22E0380069089E /* MusicTableViewCell.swift */,
			);
			path = cells;
			sourceTree = "<group>";
		};
		DB2EB9061AC1090A0099934F /* framework */ = {
			isa = PBXGroup;
			children = (
				DBB559821B23F6630069089E /* BaiduMapAPI.framework */,
				DB2EB9041AC108A10099934F /* Security.framework */,
				DB2EB9021AC108940099934F /* libstdc++.6.0.9.dylib */,
				DB2EB9001AC1087E0099934F /* libstdc++.dylib */,
				DB2EB8FE1AC108720099934F /* libz.dylib */,
				DBB5597F1B2328B90069089E /* MediaPlayer.framework */,
				DB2EB8FC1AC108650099934F /* SystemConfiguration.framework */,
				DB2EB8FA1AC108400099934F /* CoreTelephony.framework */,
				DB2EB8F81AC108030099934F /* CoreLocation.framework */,
				DB2EB8F61AC107F90099934F /* OpenGLES.framework */,
				DB2EB8F41AC107ED0099934F /* QuartzCore.framework */,
				DB2EB8F21AC107E40099934F /* CoreGraphics.framework */,
				DB2EB8F01AC107D80099934F /* Foundation.framework */,
				DB2EB8EE1AC107CD0099934F /* UIKit.framework */,
			);
			name = framework;
			sourceTree = "<group>";
		};
		DB5BA5301B2805B700492A49 /* maptools */ = {
			isa = PBXGroup;
			children = (
			);
			path = maptools;
			sourceTree = "<group>";
		};
		DBB5593E1B21E5C10069089E /* Products */ = {
			isa = PBXGroup;
			children = (
				DBB559451B21E5C10069089E /* Alamofire.framework */,
				DBB559471B21E5C10069089E /* Alamofire.framework */,
				DBB559491B21E5C10069089E /* Alamofire iOS Tests.xctest */,
				DBB5594B1B21E5C10069089E /* Alamofire OSX Tests.xctest */,
			);
			name = Products;
			sourceTree = "<group>";
		};
		DBB5594D1B21E5CA0069089E /* Products */ = {
			isa = PBXGroup;
			children = (
				DBB559531B21E5CA0069089E /* Haneke.framework */,
				DBB559551B21E5CA0069089E /* HanekeTests.xctest */,
				DBB559571B21E5CA0069089E /* HanekeDemo.app */,
			);
			name = Products;
			sourceTree = "<group>";
		};
		DBB559621B21E92C0069089E /* models */ = {
			isa = PBXGroup;
			children = (
				DBB559671B21E9C60069089E /* ArticleModel.swift */,
				DBB559691B21EB640069089E /* MusicModel.swift */,
				DBB5596B1B21EB880069089E /* VideoModel.swift */,
			);
			path = models;
			sourceTree = "<group>";
		};
		DBB559631B21E96D0069089E /* AudioStream */ = {
			isa = PBXGroup;
			children = (
				DBB559641B21E96D0069089E /* AudioStreamer.h */,
				DBB559651B21E96D0069089E /* AudioStreamer.m */,
			);
			path = AudioStream;
			sourceTree = "<group>";
		};
		DBB5596D1B21F1810069089E /* RAMAnimationTabBar */ = {
			isa = PBXGroup;
			children = (
				DBB5596E1B21F1810069089E /* RAMAnimatedTabBarItem.swift */,
				DBB5596F1B21F1810069089E /* RAMBounceAnimation.swift */,
				DBB559701B21F1810069089E /* RAMItemAnimationProtocol.swift */,
			);
			path = RAMAnimationTabBar;
			sourceTree = "<group>";
		};
		DBB5597C1B22E0FE0069089E /* xibs */ = {
			isa = PBXGroup;
			children = (
			);
			path = xibs;
			sourceTree = "<group>";
		};
		DBB559871B251ECF0069089E /* commons */ = {
			isa = PBXGroup;
			children = (
				DBB559881B251EE70069089E /* ServerUrl.swift */,
			);
			path = commons;
			sourceTree = "<group>";
		};
		DBBE714D1AAE91A40010681A = {
			isa = PBXGroup;
			children = (
				DBB559851B23FAAA0069089E /* mapapi.bundle */,
				DBB5594C1B21E5CA0069089E /* Haneke.xcodeproj */,
				DBB5593D1B21E5C10069089E /* Alamofire.xcodeproj */,
				DB2EB9061AC1090A0099934F /* framework */,
				DBBE71581AAE91A40010681A /* dywh */,
				DBBE716E1AAE91A50010681A /* dywhTests */,
				DBBE71571AAE91A40010681A /* Products */,
			);
			sourceTree = "<group>";
		};
		DBBE71571AAE91A40010681A /* Products */ = {
			isa = PBXGroup;
			children = (
				DBBE71561AAE91A40010681A /* dywh.app */,
				DBBE716B1AAE91A50010681A /* dywhTests.xctest */,
			);
			name = Products;
			sourceTree = "<group>";
		};
		DBBE71581AAE91A40010681A /* dywh */ = {
			isa = PBXGroup;
			children = (
				DB5BA5301B2805B700492A49 /* maptools */,
				DBB559871B251ECF0069089E /* commons */,
				DBB5597C1B22E0FE0069089E /* xibs */,
				DBB559621B21E92C0069089E /* models */,
				DB2E1F091AE09D670049876D /* cells */,
				DB2E1F061ADF53850049876D /* views */,
				DBBE717B1AAEC9F80010681A /* controllers */,
				DBBE717C1AAEC9F90010681A /* libs */,
				DB1BF9051B0D9104001DA2FC /* Bridging-Header.h */,
				DBBE715B1AAE91A50010681A /* AppDelegate.swift */,
				DBBE715D1AAE91A50010681A /* ViewController.swift */,
				DBBE715F1AAE91A50010681A /* Main.storyboard */,
				DBBE71621AAE91A50010681A /* Images.xcassets */,
				DBBE71641AAE91A50010681A /* LaunchScreen.xib */,
				DBBE71591AAE91A40010681A /* Supporting Files */,
			);
			path = dywh;
			sourceTree = "<group>";
		};
		DBBE71591AAE91A40010681A /* Supporting Files */ = {
			isa = PBXGroup;
			children = (
				DBBE715A1AAE91A50010681A /* Info.plist */,
				DBFA4F801B0DC111007D8F9B /* InfoPlist.strings */,
			);
			name = "Supporting Files";
			sourceTree = "<group>";
		};
		DBBE716E1AAE91A50010681A /* dywhTests */ = {
			isa = PBXGroup;
			children = (
				DBBE71711AAE91A50010681A /* dywhTests.swift */,
				DBBE716F1AAE91A50010681A /* Supporting Files */,
			);
			path = dywhTests;
			sourceTree = "<group>";
		};
		DBBE716F1AAE91A50010681A /* Supporting Files */ = {
			isa = PBXGroup;
			children = (
				DBBE71701AAE91A50010681A /* Info.plist */,
			);
			name = "Supporting Files";
			sourceTree = "<group>";
		};
		DBBE717B1AAEC9F80010681A /* controllers */ = {
			isa = PBXGroup;
			children = (
				DB2EB8EA1AC0FF7B0099934F /* ArticleViewController.swift */,
				DBFA4F8A1B0EB338007D8F9B /* ArticleMapViewController.swift */,
				DBFA4F8C1B0F1530007D8F9B /* VideoViewController.swift */,
				DBB559601B21E8810069089E /* VideoMapViewController.swift */,
				DBFA4F901B0F15C5007D8F9B /* MusicViewController.swift */,
				DBFA4F921B0F1609007D8F9B /* MusicMapViewController.swift */,
				DBFA4F941B0F1647007D8F9B /* ArticleDetailViewController.swift */,
				DBFA4F981B0F2423007D8F9B /* HXWHViewController.swift */,
				DBB559741B21F3060069089E /* HomeTabBarController.swift */,
				DBB559761B229F970069089E /* SettingTableViewController.swift */,
			);
			path = controllers;
			sourceTree = "<group>";
		};
		DBBE717C1AAEC9F90010681A /* libs */ = {
			isa = PBXGroup;
			children = (
				DBB5596D1B21F1810069089E /* RAMAnimationTabBar */,
				DBB559631B21E96D0069089E /* AudioStream */,
				DB1BF8FC1B0D9000001DA2FC /* BaiduStatistic */,
				DB1BF8FF1B0D9000001DA2FC /* Toast */,
			);
			path = libs;
			sourceTree = "<group>";
		};
/* End PBXGroup section */

/* Begin PBXNativeTarget section */
		DBBE71551AAE91A40010681A /* dywh */ = {
			isa = PBXNativeTarget;
			buildConfigurationList = DBBE71751AAE91A50010681A /* Build configuration list for PBXNativeTarget "dywh" */;
			buildPhases = (
				DBBE71521AAE91A40010681A /* Sources */,
				DBBE71531AAE91A40010681A /* Frameworks */,
				DBBE71541AAE91A40010681A /* Resources */,
				DB1BF8FB1B0D8FE5001DA2FC /* Embed Frameworks */,
			);
			buildRules = (
			);
			dependencies = (
				DBB5595B1B21E5F00069089E /* PBXTargetDependency */,
				DBB5595F1B21E5F60069089E /* PBXTargetDependency */,
			);
			name = dywh;
			productName = dywh;
			productReference = DBBE71561AAE91A40010681A /* dywh.app */;
			productType = "com.apple.product-type.application";
		};
		DBBE716A1AAE91A50010681A /* dywhTests */ = {
			isa = PBXNativeTarget;
			buildConfigurationList = DBBE71781AAE91A50010681A /* Build configuration list for PBXNativeTarget "dywhTests" */;
			buildPhases = (
				DBBE71671AAE91A50010681A /* Sources */,
				DBBE71681AAE91A50010681A /* Frameworks */,
				DBBE71691AAE91A50010681A /* Resources */,
			);
			buildRules = (
			);
			dependencies = (
				DBBE716D1AAE91A50010681A /* PBXTargetDependency */,
			);
			name = dywhTests;
			productName = dywhTests;
			productReference = DBBE716B1AAE91A50010681A /* dywhTests.xctest */;
			productType = "com.apple.product-type.bundle.unit-test";
		};
/* End PBXNativeTarget section */

/* Begin PBXProject section */
		DBBE714E1AAE91A40010681A /* Project object */ = {
			isa = PBXProject;
			attributes = {
				LastUpgradeCheck = 0610;
				ORGANIZATIONNAME = geekTeam;
				TargetAttributes = {
					DBBE71551AAE91A40010681A = {
						CreatedOnToolsVersion = 6.1.1;
						DevelopmentTeam = FNB4FR5EG6;
					};
					DBBE716A1AAE91A50010681A = {
						CreatedOnToolsVersion = 6.1.1;
						TestTargetID = DBBE71551AAE91A40010681A;
					};
				};
			};
			buildConfigurationList = DBBE71511AAE91A40010681A /* Build configuration list for PBXProject "dywh" */;
			compatibilityVersion = "Xcode 3.2";
			developmentRegion = English;
			hasScannedForEncodings = 0;
			knownRegions = (
				en,
				Base,
			);
			mainGroup = DBBE714D1AAE91A40010681A;
			productRefGroup = DBBE71571AAE91A40010681A /* Products */;
			projectDirPath = "";
			projectReferences = (
				{
					ProductGroup = DBB5593E1B21E5C10069089E /* Products */;
					ProjectRef = DBB5593D1B21E5C10069089E /* Alamofire.xcodeproj */;
				},
				{
					ProductGroup = DBB5594D1B21E5CA0069089E /* Products */;
					ProjectRef = DBB5594C1B21E5CA0069089E /* Haneke.xcodeproj */;
				},
			);
			projectRoot = "";
			targets = (
				DBBE71551AAE91A40010681A /* dywh */,
				DBBE716A1AAE91A50010681A /* dywhTests */,
			);
		};
/* End PBXProject section */

/* Begin PBXReferenceProxy section */
		DBB559451B21E5C10069089E /* Alamofire.framework */ = {
			isa = PBXReferenceProxy;
			fileType = wrapper.framework;
			path = Alamofire.framework;
			remoteRef = DBB559441B21E5C10069089E /* PBXContainerItemProxy */;
			sourceTree = BUILT_PRODUCTS_DIR;
		};
		DBB559471B21E5C10069089E /* Alamofire.framework */ = {
			isa = PBXReferenceProxy;
			fileType = wrapper.framework;
			path = Alamofire.framework;
			remoteRef = DBB559461B21E5C10069089E /* PBXContainerItemProxy */;
			sourceTree = BUILT_PRODUCTS_DIR;
		};
		DBB559491B21E5C10069089E /* Alamofire iOS Tests.xctest */ = {
			isa = PBXReferenceProxy;
			fileType = wrapper.cfbundle;
			path = "Alamofire iOS Tests.xctest";
			remoteRef = DBB559481B21E5C10069089E /* PBXContainerItemProxy */;
			sourceTree = BUILT_PRODUCTS_DIR;
		};
		DBB5594B1B21E5C10069089E /* Alamofire OSX Tests.xctest */ = {
			isa = PBXReferenceProxy;
			fileType = wrapper.cfbundle;
			path = "Alamofire OSX Tests.xctest";
			remoteRef = DBB5594A1B21E5C10069089E /* PBXContainerItemProxy */;
			sourceTree = BUILT_PRODUCTS_DIR;
		};
		DBB559531B21E5CA0069089E /* Haneke.framework */ = {
			isa = PBXReferenceProxy;
			fileType = wrapper.framework;
			path = Haneke.framework;
			remoteRef = DBB559521B21E5CA0069089E /* PBXContainerItemProxy */;
			sourceTree = BUILT_PRODUCTS_DIR;
		};
		DBB559551B21E5CA0069089E /* HanekeTests.xctest */ = {
			isa = PBXReferenceProxy;
			fileType = wrapper.cfbundle;
			path = HanekeTests.xctest;
			remoteRef = DBB559541B21E5CA0069089E /* PBXContainerItemProxy */;
			sourceTree = BUILT_PRODUCTS_DIR;
		};
		DBB559571B21E5CA0069089E /* HanekeDemo.app */ = {
			isa = PBXReferenceProxy;
			fileType = wrapper.application;
			path = HanekeDemo.app;
			remoteRef = DBB559561B21E5CA0069089E /* PBXContainerItemProxy */;
			sourceTree = BUILT_PRODUCTS_DIR;
		};
/* End PBXReferenceProxy section */

/* Begin PBXResourcesBuildPhase section */
		DBBE71541AAE91A40010681A /* Resources */ = {
			isa = PBXResourcesBuildPhase;
			buildActionMask = 2147483647;
			files = (
				DBBE71611AAE91A50010681A /* Main.storyboard in Resources */,
				DBBE71661AAE91A50010681A /* LaunchScreen.xib in Resources */,
				DBB559861B23FAAA0069089E /* mapapi.bundle in Resources */,
				DBBE71631AAE91A50010681A /* Images.xcassets in Resources */,
				DBFA4F7E1B0DC111007D8F9B /* InfoPlist.strings in Resources */,
			);
			runOnlyForDeploymentPostprocessing = 0;
		};
		DBBE71691AAE91A50010681A /* Resources */ = {
			isa = PBXResourcesBuildPhase;
			buildActionMask = 2147483647;
			files = (
			);
			runOnlyForDeploymentPostprocessing = 0;
		};
/* End PBXResourcesBuildPhase section */

/* Begin PBXSourcesBuildPhase section */
		DBBE71521AAE91A40010681A /* Sources */ = {
			isa = PBXSourcesBuildPhase;
			buildActionMask = 2147483647;
			files = (
				DBFA4F911B0F15C5007D8F9B /* MusicViewController.swift in Sources */,
				DBB559721B21F1810069089E /* RAMBounceAnimation.swift in Sources */,
				DBB559751B21F3060069089E /* HomeTabBarController.swift in Sources */,
				DBB559711B21F1810069089E /* RAMAnimatedTabBarItem.swift in Sources */,
				DB1BF9031B0D9000001DA2FC /* UIView+Toast.m in Sources */,
				DBB559611B21E8810069089E /* VideoMapViewController.swift in Sources */,
				DB2E1F081ADF542A0049876D /* ArticleView.swift in Sources */,
				DBB559891B251EE70069089E /* ServerUrl.swift in Sources */,
				DBB559681B21E9C60069089E /* ArticleModel.swift in Sources */,
				DBFA4F8D1B0F1530007D8F9B /* VideoViewController.swift in Sources */,
				DBFA4F971B0F18DE007D8F9B /* VideoCellView.swift in Sources */,
				DBBE715E1AAE91A50010681A /* ViewController.swift in Sources */,
				DBB5596C1B21EB880069089E /* VideoModel.swift in Sources */,
				DBFA4F931B0F1609007D8F9B /* MusicMapViewController.swift in Sources */,
				DBBE715C1AAE91A50010681A /* AppDelegate.swift in Sources */,
				DB2EB8EB1AC0FF7B0099934F /* ArticleViewController.swift in Sources */,
				DBB559731B21F1810069089E /* RAMItemAnimationProtocol.swift in Sources */,
				DBB5598C1B2594890069089E /* MapArticlePanelView.swift in Sources */,
				DBFA4F991B0F2424007D8F9B /* HXWHViewController.swift in Sources */,
				DBB559791B22A8600069089E /* MusicCellView.swift in Sources */,
				DBFA4F951B0F1647007D8F9B /* ArticleDetailViewController.swift in Sources */,
				DB5BA5391B281B2600492A49 /* VideoBubbleView.swift in Sources */,
				DBB559771B229F970069089E /* SettingTableViewController.swift in Sources */,
				DBB5596A1B21EB640069089E /* MusicModel.swift in Sources */,
				DBFA4F8B1B0EB338007D8F9B /* ArticleMapViewController.swift in Sources */,
				DBB559661B21E96D0069089E /* AudioStreamer.m in Sources */,
				DBB5597B1B22E0380069089E /* MusicTableViewCell.swift in Sources */,
			);
			runOnlyForDeploymentPostprocessing = 0;
		};
		DBBE71671AAE91A50010681A /* Sources */ = {
			isa = PBXSourcesBuildPhase;
			buildActionMask = 2147483647;
			files = (
				DBBE71721AAE91A50010681A /* dywhTests.swift in Sources */,
			);
			runOnlyForDeploymentPostprocessing = 0;
		};
/* End PBXSourcesBuildPhase section */

/* Begin PBXTargetDependency section */
		DBB5595B1B21E5F00069089E /* PBXTargetDependency */ = {
			isa = PBXTargetDependency;
			name = Haneke;
			targetProxy = DBB5595A1B21E5F00069089E /* PBXContainerItemProxy */;
		};
		DBB5595F1B21E5F60069089E /* PBXTargetDependency */ = {
			isa = PBXTargetDependency;
			name = "Alamofire iOS";
			targetProxy = DBB5595E1B21E5F60069089E /* PBXContainerItemProxy */;
		};
		DBBE716D1AAE91A50010681A /* PBXTargetDependency */ = {
			isa = PBXTargetDependency;
			target = DBBE71551AAE91A40010681A /* dywh */;
			targetProxy = DBBE716C1AAE91A50010681A /* PBXContainerItemProxy */;
		};
/* End PBXTargetDependency section */

/* Begin PBXVariantGroup section */
		DBBE715F1AAE91A50010681A /* Main.storyboard */ = {
			isa = PBXVariantGroup;
			children = (
				DBBE71601AAE91A50010681A /* Base */,
			);
			name = Main.storyboard;
			sourceTree = "<group>";
		};
		DBBE71641AAE91A50010681A /* LaunchScreen.xib */ = {
			isa = PBXVariantGroup;
			children = (
				DBBE71651AAE91A50010681A /* Base */,
				DBFA4F7D1B0DC103007D8F9B /* zh-Hans */,
			);
			name = LaunchScreen.xib;
			sourceTree = "<group>";
		};
		DBFA4F801B0DC111007D8F9B /* InfoPlist.strings */ = {
			isa = PBXVariantGroup;
			children = (
				DBFA4F7F1B0DC111007D8F9B /* zh-Hans */,
				DBFA4F811B0DC117007D8F9B /* en */,
			);
			name = InfoPlist.strings;
			sourceTree = "<group>";
		};
/* End PBXVariantGroup section */

/* Begin XCBuildConfiguration section */
		DBBE71731AAE91A50010681A /* Debug */ = {
			isa = XCBuildConfiguration;
			buildSettings = {
				ALWAYS_SEARCH_USER_PATHS = NO;
				CLANG_CXX_LANGUAGE_STANDARD = "gnu++0x";
				CLANG_CXX_LIBRARY = "libc++";
				CLANG_ENABLE_MODULES = YES;
				CLANG_ENABLE_OBJC_ARC = YES;
				CLANG_WARN_BOOL_CONVERSION = YES;
				CLANG_WARN_CONSTANT_CONVERSION = YES;
				CLANG_WARN_DIRECT_OBJC_ISA_USAGE = YES_ERROR;
				CLANG_WARN_EMPTY_BODY = YES;
				CLANG_WARN_ENUM_CONVERSION = YES;
				CLANG_WARN_INT_CONVERSION = YES;
				CLANG_WARN_OBJC_ROOT_CLASS = YES_ERROR;
				CLANG_WARN_UNREACHABLE_CODE = YES;
				CLANG_WARN__DUPLICATE_METHOD_MATCH = YES;
				"CODE_SIGN_IDENTITY[sdk=iphoneos*]" = "iPhone Developer";
				COPY_PHASE_STRIP = NO;
				ENABLE_STRICT_OBJC_MSGSEND = YES;
				GCC_C_LANGUAGE_STANDARD = gnu99;
				GCC_DYNAMIC_NO_PIC = NO;
				GCC_OPTIMIZATION_LEVEL = 0;
				GCC_PREPROCESSOR_DEFINITIONS = (
					"DEBUG=1",
					"$(inherited)",
				);
				GCC_SYMBOLS_PRIVATE_EXTERN = NO;
				GCC_WARN_64_TO_32_BIT_CONVERSION = YES;
				GCC_WARN_ABOUT_RETURN_TYPE = YES_ERROR;
				GCC_WARN_UNDECLARED_SELECTOR = YES;
				GCC_WARN_UNINITIALIZED_AUTOS = YES_AGGRESSIVE;
				GCC_WARN_UNUSED_FUNCTION = YES;
				GCC_WARN_UNUSED_VARIABLE = YES;
				IPHONEOS_DEPLOYMENT_TARGET = 8.1;
				MTL_ENABLE_DEBUG_INFO = YES;
				ONLY_ACTIVE_ARCH = YES;
				SDKROOT = iphoneos;
				SWIFT_OPTIMIZATION_LEVEL = "-Onone";
			};
			name = Debug;
		};
		DBBE71741AAE91A50010681A /* Release */ = {
			isa = XCBuildConfiguration;
			buildSettings = {
				ALWAYS_SEARCH_USER_PATHS = NO;
				CLANG_CXX_LANGUAGE_STANDARD = "gnu++0x";
				CLANG_CXX_LIBRARY = "libc++";
				CLANG_ENABLE_MODULES = YES;
				CLANG_ENABLE_OBJC_ARC = YES;
				CLANG_WARN_BOOL_CONVERSION = YES;
				CLANG_WARN_CONSTANT_CONVERSION = YES;
				CLANG_WARN_DIRECT_OBJC_ISA_USAGE = YES_ERROR;
				CLANG_WARN_EMPTY_BODY = YES;
				CLANG_WARN_ENUM_CONVERSION = YES;
				CLANG_WARN_INT_CONVERSION = YES;
				CLANG_WARN_OBJC_ROOT_CLASS = YES_ERROR;
				CLANG_WARN_UNREACHABLE_CODE = YES;
				CLANG_WARN__DUPLICATE_METHOD_MATCH = YES;
				"CODE_SIGN_IDENTITY[sdk=iphoneos*]" = "iPhone Developer";
				COPY_PHASE_STRIP = YES;
				ENABLE_NS_ASSERTIONS = NO;
				ENABLE_STRICT_OBJC_MSGSEND = YES;
				GCC_C_LANGUAGE_STANDARD = gnu99;
				GCC_WARN_64_TO_32_BIT_CONVERSION = YES;
				GCC_WARN_ABOUT_RETURN_TYPE = YES_ERROR;
				GCC_WARN_UNDECLARED_SELECTOR = YES;
				GCC_WARN_UNINITIALIZED_AUTOS = YES_AGGRESSIVE;
				GCC_WARN_UNUSED_FUNCTION = YES;
				GCC_WARN_UNUSED_VARIABLE = YES;
				IPHONEOS_DEPLOYMENT_TARGET = 8.1;
				MTL_ENABLE_DEBUG_INFO = NO;
				SDKROOT = iphoneos;
				VALIDATE_PRODUCT = YES;
			};
			name = Release;
		};
		DBBE71761AAE91A50010681A /* Debug */ = {
			isa = XCBuildConfiguration;
			buildSettings = {
				ASSETCATALOG_COMPILER_APPICON_NAME = AppIcon;
				CLANG_ENABLE_MODULES = YES;
				CODE_SIGN_IDENTITY = "iPhone Developer";
				"CODE_SIGN_IDENTITY[sdk=iphoneos*]" = "iPhone Developer";
				DEFINES_MODULE = YES;
				EMBEDDED_CONTENT_CONTAINS_SWIFT = YES;
				FRAMEWORK_SEARCH_PATHS = (
					"$(inherited)",
					/Users/zyhndesign/Downloads,
					"$(PROJECT_DIR)/dywh",
				);
				INFOPLIST_FILE = dywh/Info.plist;
				LD_RUNPATH_SEARCH_PATHS = "$(inherited) @executable_path/Frameworks";
				LIBRARY_SEARCH_PATHS = (
					"$(inherited)",
					"$(PROJECT_DIR)/dywh/libs/BaiduStatistic",
				);
				OTHER_LDFLAGS = "-ObjC";
				PRODUCT_NAME = "$(TARGET_NAME)";
				PROVISIONING_PROFILE = "";
				SWIFT_OBJC_BRIDGING_HEADER = "/Users/zyhndesign/code/git_workspace/HXDYWH/dywh/dywh/Bridging-Header.h";
				SWIFT_OPTIMIZATION_LEVEL = "-Onone";
			};
			name = Debug;
		};
		DBBE71771AAE91A50010681A /* Release */ = {
			isa = XCBuildConfiguration;
			buildSettings = {
				ASSETCATALOG_COMPILER_APPICON_NAME = AppIcon;
				CLANG_ENABLE_MODULES = YES;
				CODE_SIGN_IDENTITY = "iPhone Developer";
				"CODE_SIGN_IDENTITY[sdk=iphoneos*]" = "iPhone Developer";
				DEFINES_MODULE = YES;
				EMBEDDED_CONTENT_CONTAINS_SWIFT = YES;
				FRAMEWORK_SEARCH_PATHS = (
					"$(inherited)",
					/Users/zyhndesign/Downloads,
					"$(PROJECT_DIR)/dywh",
				);
				INFOPLIST_FILE = dywh/Info.plist;
				LD_RUNPATH_SEARCH_PATHS = "$(inherited) @executable_path/Frameworks";
				LIBRARY_SEARCH_PATHS = (
					"$(inherited)",
					"$(PROJECT_DIR)/dywh/libs/BaiduStatistic",
				);
				OTHER_LDFLAGS = "-ObjC";
				PRODUCT_NAME = "$(TARGET_NAME)";
				PROVISIONING_PROFILE = "";
				SWIFT_OBJC_BRIDGING_HEADER = "/Users/zyhndesign/code/git_workspace/HXDYWH/dywh/dywh/Bridging-Header.h";
			};
			name = Release;
		};
		DBBE71791AAE91A50010681A /* Debug */ = {
			isa = XCBuildConfiguration;
			buildSettings = {
				BUNDLE_LOADER = "$(TEST_HOST)";
				FRAMEWORK_SEARCH_PATHS = (
					"$(SDKROOT)/Developer/Library/Frameworks",
					"$(inherited)",
				);
				GCC_PREPROCESSOR_DEFINITIONS = (
					"DEBUG=1",
					"$(inherited)",
				);
				INFOPLIST_FILE = dywhTests/Info.plist;
				LD_RUNPATH_SEARCH_PATHS = "$(inherited) @executable_path/Frameworks @loader_path/Frameworks";
				PRODUCT_NAME = "$(TARGET_NAME)";
				TEST_HOST = "$(BUILT_PRODUCTS_DIR)/dywh.app/dywh";
			};
			name = Debug;
		};
		DBBE717A1AAE91A50010681A /* Release */ = {
			isa = XCBuildConfiguration;
			buildSettings = {
				BUNDLE_LOADER = "$(TEST_HOST)";
				FRAMEWORK_SEARCH_PATHS = (
					"$(SDKROOT)/Developer/Library/Frameworks",
					"$(inherited)",
				);
				INFOPLIST_FILE = dywhTests/Info.plist;
				LD_RUNPATH_SEARCH_PATHS = "$(inherited) @executable_path/Frameworks @loader_path/Frameworks";
				PRODUCT_NAME = "$(TARGET_NAME)";
				TEST_HOST = "$(BUILT_PRODUCTS_DIR)/dywh.app/dywh";
			};
			name = Release;
		};
/* End XCBuildConfiguration section */

/* Begin XCConfigurationList section */
		DBBE71511AAE91A40010681A /* Build configuration list for PBXProject "dywh" */ = {
			isa = XCConfigurationList;
			buildConfigurations = (
				DBBE71731AAE91A50010681A /* Debug */,
				DBBE71741AAE91A50010681A /* Release */,
			);
			defaultConfigurationIsVisible = 0;
			defaultConfigurationName = Release;
		};
		DBBE71751AAE91A50010681A /* Build configuration list for PBXNativeTarget "dywh" */ = {
			isa = XCConfigurationList;
			buildConfigurations = (
				DBBE71761AAE91A50010681A /* Debug */,
				DBBE71771AAE91A50010681A /* Release */,
			);
			defaultConfigurationIsVisible = 0;
			defaultConfigurationName = Release;
		};
		DBBE71781AAE91A50010681A /* Build configuration list for PBXNativeTarget "dywhTests" */ = {
			isa = XCConfigurationList;
			buildConfigurations = (
				DBBE71791AAE91A50010681A /* Debug */,
				DBBE717A1AAE91A50010681A /* Release */,
			);
			defaultConfigurationIsVisible = 0;
			defaultConfigurationName = Release;
		};
/* End XCConfigurationList section */
	};
	rootObject = DBBE714E1AAE91A40010681A /* Project object */;
}
